
Microsoft Visual Studio Solution File, Format Version 12.00
# Visual Studio 15
VisualStudioVersion = 15.0.26124.0
MinimumVisualStudioVersion = 15.0.26124.0
Project("{FAE04EC0-301F-11D3-BF4B-00C04F79EFBC}") = "Domain", "Domain\Domain.csproj", "{0A0172BB-034E-457A-A7BC-F790597C104C}"
EndProject
Project("{FAE04EC0-301F-11D3-BF4B-00C04F79EFBC}") = "Application", "Application\Application.csproj", "{40FCA313-0115-4122-809A-AFBAEF32B3DC}"
EndProject
Project("{FAE04EC0-301F-11D3-BF4B-00C04F79EFBC}") = "Persistence", "Persistence\Persistence.csproj", "{AD1DC6B7-C480-4036-A290-6EE0EBE068C2}"
EndProject
Project("{FAE04EC0-301F-11D3-BF4B-00C04F79EFBC}") = "API", "API\API.csproj", "{992CDC0E-CAB0-4195-A026-FA1785DD271B}"
EndProject
Global
	GlobalSection(SolutionConfigurationPlatforms) = preSolution
		Debug|Any CPU = Debug|Any CPU
		Debug|x64 = Debug|x64
		Debug|x86 = Debug|x86
		Release|Any CPU = Release|Any CPU
		Release|x64 = Release|x64
		Release|x86 = Release|x86
	EndGlobalSection
	GlobalSection(SolutionProperties) = preSolution
		HideSolutionNode = FALSE
	EndGlobalSection
	GlobalSection(ProjectConfigurationPlatforms) = postSolution
		{0A0172BB-034E-457A-A7BC-F790597C104C}.Debug|Any CPU.ActiveCfg = Debug|Any CPU
		{0A0172BB-034E-457A-A7BC-F790597C104C}.Debug|Any CPU.Build.0 = Debug|Any CPU
		{0A0172BB-034E-457A-A7BC-F790597C104C}.Debug|x64.ActiveCfg = Debug|Any CPU
		{0A0172BB-034E-457A-A7BC-F790597C104C}.Debug|x64.Build.0 = Debug|Any CPU
		{0A0172BB-034E-457A-A7BC-F790597C104C}.Debug|x86.ActiveCfg = Debug|Any CPU
		{0A0172BB-034E-457A-A7BC-F790597C104C}.Debug|x86.Build.0 = Debug|Any CPU
		{0A0172BB-034E-457A-A7BC-F790597C104C}.Release|Any CPU.ActiveCfg = Release|Any CPU
		{0A0172BB-034E-457A-A7BC-F790597C104C}.Release|Any CPU.Build.0 = Release|Any CPU
		{0A0172BB-034E-457A-A7BC-F790597C104C}.Release|x64.ActiveCfg = Release|Any CPU
		{0A0172BB-034E-457A-A7BC-F790597C104C}.Release|x64.Build.0 = Release|Any CPU
		{0A0172BB-034E-457A-A7BC-F790597C104C}.Release|x86.ActiveCfg = Release|Any CPU
		{0A0172BB-034E-457A-A7BC-F790597C104C}.Release|x86.Build.0 = Release|Any CPU
		{40FCA313-0115-4122-809A-AFBAEF32B3DC}.Debug|Any CPU.ActiveCfg = Debug|Any CPU
		{40FCA313-0115-4122-809A-AFBAEF32B3DC}.Debug|Any CPU.Build.0 = Debug|Any CPU
		{40FCA313-0115-4122-809A-AFBAEF32B3DC}.Debug|x64.ActiveCfg = Debug|Any CPU
		{40FCA313-0115-4122-809A-AFBAEF32B3DC}.Debug|x64.Build.0 = Debug|Any CPU
		{40FCA313-0115-4122-809A-AFBAEF32B3DC}.Debug|x86.ActiveCfg = Debug|Any CPU
		{40FCA313-0115-4122-809A-AFBAEF32B3DC}.Debug|x86.Build.0 = Debug|Any CPU
		{40FCA313-0115-4122-809A-AFBAEF32B3DC}.Release|Any CPU.ActiveCfg = Release|Any CPU
		{40FCA313-0115-4122-809A-AFBAEF32B3DC}.Release|Any CPU.Build.0 = Release|Any CPU
		{40FCA313-0115-4122-809A-AFBAEF32B3DC}.Release|x64.ActiveCfg = Release|Any CPU
		{40FCA313-0115-4122-809A-AFBAEF32B3DC}.Release|x64.Build.0 = Release|Any CPU
		{40FCA313-0115-4122-809A-AFBAEF32B3DC}.Release|x86.ActiveCfg = Release|Any CPU
		{40FCA313-0115-4122-809A-AFBAEF32B3DC}.Release|x86.Build.0 = Release|Any CPU
		{AD1DC6B7-C480-4036-A290-6EE0EBE068C2}.Debug|Any CPU.ActiveCfg = Debug|Any CPU
		{AD1DC6B7-C480-4036-A290-6EE0EBE068C2}.Debug|Any CPU.Build.0 = Debug|Any CPU
		{AD1DC6B7-C480-4036-A290-6EE0EBE068C2}.Debug|x64.ActiveCfg = Debug|Any CPU
		{AD1DC6B7-C480-4036-A290-6EE0EBE068C2}.Debug|x64.Build.0 = Debug|Any CPU
		{AD1DC6B7-C480-4036-A290-6EE0EBE068C2}.Debug|x86.ActiveCfg = Debug|Any CPU
		{AD1DC6B7-C480-4036-A290-6EE0EBE068C2}.Debug|x86.Build.0 = Debug|Any CPU
		{AD1DC6B7-C480-4036-A290-6EE0EBE068C2}.Release|Any CPU.ActiveCfg = Release|Any CPU
		{AD1DC6B7-C480-4036-A290-6EE0EBE068C2}.Release|Any CPU.Build.0 = Release|Any CPU
		{AD1DC6B7-C480-4036-A290-6EE0EBE068C2}.Release|x64.ActiveCfg = Release|Any CPU
		{AD1DC6B7-C480-4036-A290-6EE0EBE068C2}.Release|x64.Build.0 = Release|Any CPU
		{AD1DC6B7-C480-4036-A290-6EE0EBE068C2}.Release|x86.ActiveCfg = Release|Any CPU
		{AD1DC6B7-C480-4036-A290-6EE0EBE068C2}.Release|x86.Build.0 = Release|Any CPU
		{992CDC0E-CAB0-4195-A026-FA1785DD271B}.Debug|Any CPU.ActiveCfg = Debug|Any CPU
		{992CDC0E-CAB0-4195-A026-FA1785DD271B}.Debug|Any CPU.Build.0 = Debug|Any CPU
		{992CDC0E-CAB0-4195-A026-FA1785DD271B}.Debug|x64.ActiveCfg = Debug|Any CPU
		{992CDC0E-CAB0-4195-A026-FA1785DD271B}.Debug|x64.Build.0 = Debug|Any CPU
		{992CDC0E-CAB0-4195-A026-FA1785DD271B}.Debug|x86.ActiveCfg = Debug|Any CPU
		{992CDC0E-CAB0-4195-A026-FA1785DD271B}.Debug|x86.Build.0 = Debug|Any CPU
		{992CDC0E-CAB0-4195-A026-FA1785DD271B}.Release|Any CPU.ActiveCfg = Release|Any CPU
		{992CDC0E-CAB0-4195-A026-FA1785DD271B}.Release|Any CPU.Build.0 = Release|Any CPU
		{992CDC0E-CAB0-4195-A026-FA1785DD271B}.Release|x64.ActiveCfg = Release|Any CPU
		{992CDC0E-CAB0-4195-A026-FA1785DD271B}.Release|x64.Build.0 = Release|Any CPU
		{992CDC0E-CAB0-4195-A026-FA1785DD271B}.Release|x86.ActiveCfg = Release|Any CPU
		{992CDC0E-CAB0-4195-A026-FA1785DD271B}.Release|x86.Build.0 = Release|Any CPU
	EndGlobalSection
EndGlobal
